// !$*UTF8*$!
{
	archiveVersion = 1;
	classes = {
	};
	objectVersion = 77;
	objects = {

/* Begin PBXContainerItemProxy section */
		FDBB36272EA9994400FF7AC6 /* PBXContainerItemProxy */ = {
			isa = PBXContainerItemProxy;
			containerPortal = FDBB36082EA9994100FF7AC6 /* Project object */;
			proxyType = 1;
			remoteGlobalIDString = FDBB360F2EA9994100FF7AC6;
			remoteInfo = TravelRandomizerApp;
		};
		FDBB36312EA9994400FF7AC6 /* PBXContainerItemProxy */ = {
			isa = PBXContainerItemProxy;
			containerPortal = FDBB36082EA9994100FF7AC6 /* Project object */;
			proxyType = 1;
			remoteGlobalIDString = FDBB360F2EA9994100FF7AC6;
			remoteInfo = TravelRandomizerApp;
		};
/* End PBXContainerItemProxy section */

/* Begin PBXFileReference section */
		FDBB36102EA9994100FF7AC6 /* TravelRandomizerApp.app */ = {isa = PBXFileReference; explicitFileType = wrapper.application; includeInIndex = 0; path = TravelRandomizerApp.app; sourceTree = BUILT_PRODUCTS_DIR; };
		FDBB36262EA9994400FF7AC6 /* TravelRandomizerAppTests.xctest */ = {isa = PBXFileReference; explicitFileType = wrapper.cfbundle; includeInIndex = 0; path = TravelRandomizerAppTests.xctest; sourceTree = BUILT_PRODUCTS_DIR; };
		FDBB36302EA9994400FF7AC6 /* TravelRandomizerAppUITests.xctest */ = {isa = PBXFileReference; explicitFileType = wrapper.cfbundle; includeInIndex = 0; path = TravelRandomizerAppUITests.xctest; sourceTree = BUILT_PRODUCTS_DIR; };
/* End PBXFileReference section */

/* Begin PBXFileSystemSynchronizedBuildFileExceptionSet section */
		FDBB36382EA9994400FF7AC6 /* Exceptions for "TravelRandomizerApp" folder in "TravelRandomizerApp" target */ = {
			isa = PBXFileSystemSynchronizedBuildFileExceptionSet;
			membershipExceptions = (
				Info.plist,
			);
			target = FDBB360F2EA9994100FF7AC6 /* TravelRandomizerApp */;
		};
/* End PBXFileSystemSynchronizedBuildFileExceptionSet section */

/* Begin PBXFileSystemSynchronizedRootGroup section */
		FDBB36122EA9994100FF7AC6 /* TravelRandomizerApp */ = {
			isa = PBXFileSystemSynchronizedRootGroup;
			exceptions = (
				FDBB36382EA9994400FF7AC6 /* Exceptions for "TravelRandomizerApp" folder in "TravelRandomizerApp" target */,
			);
			path = TravelRandomizerApp;
			sourceTree = "<group>";
		};
		FDBB36292EA9994400FF7AC6 /* TravelRandomizerAppTests */ = {
			isa = PBXFileSystemSynchronizedRootGroup;
			path = TravelRandomizerAppTests;
			sourceTree = "<group>";
		};
		FDBB36332EA9994400FF7AC6 /* TravelRandomizerAppUITests */ = {
			isa = PBXFileSystemSynchronizedRootGroup;
			path = TravelRandomizerAppUITests;
			sourceTree = "<group>";
		};
/* End PBXFileSystemSynchronizedRootGroup section */

/* Begin PBXFrameworksBuildPhase section */
		FDBB360D2EA9994100FF7AC6 /* Frameworks */ = {
			isa = PBXFrameworksBuildPhase;
			buildActionMask = 2147483647;
			files = (
			);
			runOnlyForDeploymentPostprocessing = 0;
		};
		FDBB36232EA9994400FF7AC6 /* Frameworks */ = {
			isa = PBXFrameworksBuildPhase;
			buildActionMask = 2147483647;
			files = (
			);
			runOnlyForDeploymentPostprocessing = 0;
		};
		FDBB362D2EA9994400FF7AC6 /* Frameworks */ = {
			isa = PBXFrameworksBuildPhase;
			buildActionMask = 2147483647;
			files = (
			);
			runOnlyForDeploymentPostprocessing = 0;
		};
/* End PBXFrameworksBuildPhase section */

/* Begin PBXGroup section */
		FDBB36072EA9994100FF7AC6 = {
			isa = PBXGroup;
			children = (
				FDBB36122EA9994100FF7AC6 /* TravelRandomizerApp */,
				FDBB36292EA9994400FF7AC6 /* TravelRandomizerAppTests */,
				FDBB36332EA9994400FF7AC6 /* TravelRandomizerAppUITests */,
				FDBB36112EA9994100FF7AC6 /* Products */,
			);
			sourceTree = "<group>";
		};
		FDBB36112EA9994100FF7AC6 /* Products */ = {
			isa = PBXGroup;
			children = (
				FDBB36102EA9994100FF7AC6 /* TravelRandomizerApp.app */,
				FDBB36262EA9994400FF7AC6 /* TravelRandomizerAppTests.xctest */,
				FDBB36302EA9994400FF7AC6 /* TravelRandomizerAppUITests.xctest */,
			);
			name = Products;
			sourceTree = "<group>";
		};
/* End PBXGroup section */

/* Begin PBXNativeTarget section */
		FDBB360F2EA9994100FF7AC6 /* TravelRandomizerApp */ = {
			isa = PBXNativeTarget;
			buildConfigurationList = FDBB36392EA9994400FF7AC6 /* Build configuration list for PBXNativeTarget "TravelRandomizerApp" */;
			buildPhases = (
				FDBB360C2EA9994100FF7AC6 /* Sources */,
				FDBB360D2EA9994100FF7AC6 /* Frameworks */,
				FDBB360E2EA9994100FF7AC6 /* Resources */,
			);
			buildRules = (
			);
			dependencies = (
			);
			fileSystemSynchronizedGroups = (
				FDBB36122EA9994100FF7AC6 /* TravelRandomizerApp */,
			);
			name = TravelRandomizerApp;
			packageProductDependencies = (
			);
			productName = TravelRandomizerApp;
			productReference = FDBB36102EA9994100FF7AC6 /* TravelRandomizerApp.app */;
			productType = "com.apple.product-type.application";
		};
		FDBB36252EA9994400FF7AC6 /* TravelRandomizerAppTests */ = {
			isa = PBXNativeTarget;
			buildConfigurationList = FDBB363E2EA9994400FF7AC6 /* Build configuration list for PBXNativeTarget "TravelRandomizerAppTests" */;
			buildPhases = (
				FDBB36222EA9994400FF7AC6 /* Sources */,
				FDBB36232EA9994400FF7AC6 /* Frameworks */,
				FDBB36242EA9994400FF7AC6 /* Resources */,
			);
			buildRules = (
			);
			dependencies = (
				FDBB36282EA9994400FF7AC6 /* PBXTargetDependency */,
			);
			fileSystemSynchronizedGroups = (
				FDBB36292EA9994400FF7AC6 /* TravelRandomizerAppTests */,
			);
			name = TravelRandomizerAppTests;
			packageProductDependencies = (
			);
			productName = TravelRandomizerAppTests;
			productReference = FDBB36262EA9994400FF7AC6 /* TravelRandomizerAppTests.xctest */;
			productType = "com.apple.product-type.bundle.unit-test";
		};
		FDBB362F2EA9994400FF7AC6 /* TravelRandomizerAppUITests */ = {
			isa = PBXNativeTarget;
			buildConfigurationList = FDBB36412EA9994400FF7AC6 /* Build configuration list for PBXNativeTarget "TravelRandomizerAppUITests" */;
			buildPhases = (
				FDBB362C2EA9994400FF7AC6 /* Sources */,
				FDBB362D2EA9994400FF7AC6 /* Frameworks */,
				FDBB362E2EA9994400FF7AC6 /* Resources */,
			);
			buildRules = (
			);
			dependencies = (
				FDBB36322EA9994400FF7AC6 /* PBXTargetDependency */,
			);
			fileSystemSynchronizedGroups = (
				FDBB36332EA9994400FF7AC6 /* TravelRandomizerAppUITests */,
			);
			name = TravelRandomizerAppUITests;
			packageProductDependencies = (
			);
			productName = TravelRandomizerAppUITests;
			productReference = FDBB36302EA9994400FF7AC6 /* TravelRandomizerAppUITests.xctest */;
			productType = "com.apple.product-type.bundle.ui-testing";
		};
/* End PBXNativeTarget section */

/* Begin PBXProject section */
		FDBB36082EA9994100FF7AC6 /* Project object */ = {
			isa = PBXProject;
			attributes = {
				BuildIndependentTargetsInParallel = 1;
				LastSwiftUpdateCheck = 1640;
				LastUpgradeCheck = 1640;
				TargetAttributes = {
					FDBB360F2EA9994100FF7AC6 = {
						CreatedOnToolsVersion = 16.4;
					};
					FDBB36252EA9994400FF7AC6 = {
						CreatedOnToolsVersion = 16.4;
						TestTargetID = FDBB360F2EA9994100FF7AC6;
					};
					FDBB362F2EA9994400FF7AC6 = {
						CreatedOnToolsVersion = 16.4;
						TestTargetID = FDBB360F2EA9994100FF7AC6;
					};
				};
			};
			buildConfigurationList = FDBB360B2EA9994100FF7AC6 /* Build configuration list for PBXProject "TravelRandomizerApp" */;
			developmentRegion = en;
			hasScannedForEncodings = 0;
			knownRegions = (
				en,
				Base,
			);
			mainGroup = FDBB36072EA9994100FF7AC6;
			minimizedProjectReferenceProxies = 1;
			preferredProjectObjectVersion = 77;
			productRefGroup = FDBB36112EA9994100FF7AC6 /* Products */;
			projectDirPath = "";
			projectRoot = "";
			targets = (
				FDBB360F2EA9994100FF7AC6 /* TravelRandomizerApp */,
				FDBB36252EA9994400FF7AC6 /* TravelRandomizerAppTests */,
				FDBB362F2EA9994400FF7AC6 /* TravelRandomizerAppUITests */,
			);
		};
/* End PBXProject section */

/* Begin PBXResourcesBuildPhase section */
		FDBB360E2EA9994100FF7AC6 /* Resources */ = {
			isa = PBXResourcesBuildPhase;
			buildActionMask = 2147483647;
			files = (
			);
			runOnlyForDeploymentPostprocessing = 0;
		};
		FDBB36242EA9994400FF7AC6 /* Resources */ = {
			isa = PBXResourcesBuildPhase;
			buildActionMask = 2147483647;
			files = (
			);
			runOnlyForDeploymentPostprocessing = 0;
		};
		FDBB362E2EA9994400FF7AC6 /* Resources */ = {
			isa = PBXResourcesBuildPhase;
			buildActionMask = 2147483647;
			files = (
			);
			runOnlyForDeploymentPostprocessing = 0;
		};
/* End PBXResourcesBuildPhase section */

/* Begin PBXSourcesBuildPhase section */
		FDBB360C2EA9994100FF7AC6 /* Sources */ = {
			isa = PBXSourcesBuildPhase;
			buildActionMask = 2147483647;
			files = (
			);
			runOnlyForDeploymentPostprocessing = 0;
		};
		FDBB36222EA9994400FF7AC6 /* Sources */ = {
			isa = PBXSourcesBuildPhase;
			buildActionMask = 2147483647;
			files = (
			);
			runOnlyForDeploymentPostprocessing = 0;
		};
		FDBB362C2EA9994400FF7AC6 /* Sources */ = {
			isa = PBXSourcesBuildPhase;
			buildActionMask = 2147483647;
			files = (
			);
			runOnlyForDeploymentPostprocessing = 0;
		};
/* End PBXSourcesBuildPhase section */

/* Begin PBXTargetDependency section */
		FDBB36282EA9994400FF7AC6 /* PBXTargetDependency */ = {
			isa = PBXTargetDependency;
			target = FDBB360F2EA9994100FF7AC6 /* TravelRandomizerApp */;
			targetProxy = FDBB36272EA9994400FF7AC6 /* PBXContainerItemProxy */;
		};
		FDBB36322EA9994400FF7AC6 /* PBXTargetDependency */ = {
			isa = PBXTargetDependency;
			target = FDBB360F2EA9994100FF7AC6 /* TravelRandomizerApp */;
			targetProxy = FDBB36312EA9994400FF7AC6 /* PBXContainerItemProxy */;
		};
/* End PBXTargetDependency section */

/* Begin XCBuildConfiguration section */
		FDBB363A2EA9994400FF7AC6 /* Debug */ = {
			isa = XCBuildConfiguration;
			buildSettings = {
				ASSETCATALOG_COMPILER_APPICON_NAME = AppIcon;
				ASSETCATALOG_COMPILER_GLOBAL_ACCENT_COLOR_NAME = AccentColor;
				CODE_SIGN_STYLE = Automatic;
				CURRENT_PROJECT_VERSION = 1;
				DEVELOPMENT_TEAM = 3C2M6478T3;
				GENERATE_INFOPLIST_FILE = YES;
				INFOPLIST_FILE = TravelRandomizerApp/Info.plist;
				INFOPLIST_KEY_UIApplicationSupportsIndirectInputEvents = YES;
				INFOPLIST_KEY_UILaunchStoryboardName = LaunchScreen;
				INFOPLIST_KEY_UIMainStoryboardFile = Main;
				INFOPLIST_KEY_UISupportedInterfaceOrientations_iPad = "UIInterfaceOrientationPortrait UIInterfaceOrientationPortraitUpsideDown UIInterfaceOrientationLandscapeLeft UIInterfaceOrientationLandscapeRight";
				INFOPLIST_KEY_UISupportedInterfaceOrientations_iPhone = "UIInterfaceOrientationPortrait UIInterfaceOrientationLandscapeLeft UIInterfaceOrientationLandscapeRight";
				LD_RUNPATH_SEARCH_PATHS = (
					"$(inherited)",
					"@executable_path/Frameworks",
				);
				MARKETING_VERSION = 1.0;
				PRODUCT_BUNDLE_IDENTIFIER = ex.TravelRandomizerApp;
				PRODUCT_NAME = "$(TARGET_NAME)";
				SWIFT_EMIT_LOC_STRINGS = YES;
				SWIFT_VERSION = 5.0;
				TARGETED_DEVICE_FAMILY = "1,2";
			};
			name = Debug;
		};
		FDBB363B2EA9994400FF7AC6 /* Release */ = {
			isa = XCBuildConfiguration;
			buildSettings = {
				ASSETCATALOG_COMPILER_APPICON_NAME = AppIcon;
				ASSETCATALOG_COMPILER_GLOBAL_ACCENT_COLOR_NAME = AccentColor;
				CODE_SIGN_STYLE = Automatic;
				CURRENT_PROJECT_VERSION = 1;
				DEVELOPMENT_TEAM = 3C2M6478T3;
				GENERATE_INFOPLIST_FILE = YES;
				INFOPLIST_FILE = TravelRandomizerApp/Info.plist;
				INFOPLIST_KEY_UIApplicationSupportsIndirectInputEvents = YES;
				INFOPLIST_KEY_UILaunchStoryboardName = LaunchScreen;
				INFOPLIST_KEY_UIMainStoryboardFile = Main;
				INFOPLIST_KEY_UISupportedInterfaceOrientations_iPad = "UIInterfaceOrientationPortrait UIInterfaceOrientationPortraitUpsideDown UIInterfaceOrientationLandscapeLeft UIInterfaceOrientationLandscapeRight";
				INFOPLIST_KEY_UISupportedInterfaceOrientations_iPhone = "UIInterfaceOrientationPortrait UIInterfaceOrientationLandscapeLeft UIInterfaceOrientationLandscapeRight";
				LD_RUNPATH_SEARCH_PATHS = (
					"$(inherited)",
					"@executable_path/Frameworks",
				);
				MARKETING_VERSION = 1.0;
				PRODUCT_BUNDLE_IDENTIFIER = ex.TravelRandomizerApp;
				PRODUCT_NAME = "$(TARGET_NAME)";
				SWIFT_EMIT_LOC_STRINGS = YES;
				SWIFT_VERSION = 5.0;
				TARGETED_DEVICE_FAMILY = "1,2";
			};
			name = Release;
		};
		FDBB363C2EA9994400FF7AC6 /* Debug */ = {
			isa = XCBuildConfiguration;
			buildSettings = {
				ALWAYS_SEARCH_USER_PATHS = NO;
				ASSETCATALOG_COMPILER_GENERATE_SWIFT_ASSET_SYMBOL_EXTENSIONS = YES;
				CLANG_ANALYZER_NONNULL = YES;
				CLANG_ANALYZER_NUMBER_OBJECT_CONVERSION = YES_AGGRESSIVE;
				CLANG_CXX_LANGUAGE_STANDARD = "gnu++20";
				CLANG_ENABLE_MODULES = YES;
				CLANG_ENABLE_OBJC_ARC = YES;
				CLANG_ENABLE_OBJC_WEAK = YES;
				CLANG_WARN_BLOCK_CAPTURE_AUTORELEASING = YES;
				CLANG_WARN_BOOL_CONVERSION = YES;
				CLANG_WARN_COMMA = YES;
				CLANG_WARN_CONSTANT_CONVERSION = YES;
				CLANG_WARN_DEPRECATED_OBJC_IMPLEMENTATIONS = YES;
				CLANG_WARN_DIRECT_OBJC_ISA_USAGE = YES_ERROR;
				CLANG_WARN_DOCUMENTATION_COMMENTS = YES;
				CLANG_WARN_EMPTY_BODY = YES;
				CLANG_WARN_ENUM_CONVERSION = YES;
				CLANG_WARN_INFINITE_RECURSION = YES;
				CLANG_WARN_INT_CONVERSION = YES;
				CLANG_WARN_NON_LITERAL_NULL_CONVERSION = YES;
				CLANG_WARN_OBJC_IMPLICIT_RETAIN_SELF = YES;
				CLANG_WARN_OBJC_LITERAL_CONVERSION = YES;
				CLANG_WARN_OBJC_ROOT_CLASS = YES_ERROR;
				CLANG_WARN_QUOTED_INCLUDE_IN_FRAMEWORK_HEADER = YES;
				CLANG_WARN_RANGE_LOOP_ANALYSIS = YES;
				CLANG_WARN_STRICT_PROTOTYPES = YES;
				CLANG_WARN_SUSPICIOUS_MOVE = YES;
				CLANG_WARN_UNGUARDED_AVAILABILITY = YES_AGGRESSIVE;
				CLANG_WARN_UNREACHABLE_CODE = YES;
				CLANG_WARN__DUPLICATE_METHOD_MATCH = YES;
				COPY_PHASE_STRIP = NO;
				DEBUG_INFORMATION_FORMAT = dwarf;
				DEVELOPMENT_TEAM = 3C2M6478T3;
				ENABLE_STRICT_OBJC_MSGSEND = YES;
				ENABLE_TESTABILITY = YES;
				ENABLE_USER_SCRIPT_SANDBOXING = YES;
				GCC_C_LANGUAGE_STANDARD = gnu17;
				GCC_DYNAMIC_NO_PIC = NO;
				GCC_NO_COMMON_BLOCKS = YES;
				GCC_OPTIMIZATION_LEVEL = 0;
				GCC_PREPROCESSOR_DEFINITIONS = (
					"DEBUG=1",
					"$(inherited)",
				);
				GCC_WARN_64_TO_32_BIT_CONVERSION = YES;
				GCC_WARN_ABOUT_RETURN_TYPE = YES_ERROR;
				GCC_WARN_UNDECLARED_SELECTOR = YES;
				GCC_WARN_UNINITIALIZED_AUTOS = YES_AGGRESSIVE;
				GCC_WARN_UNUSED_FUNCTION = YES;
				GCC_WARN_UNUSED_VARIABLE = YES;
				IPHONEOS_DEPLOYMENT_TARGET = 18.5;
				LOCALIZATION_PREFERS_STRING_CATALOGS = YES;
				MTL_ENABLE_DEBUG_INFO = INCLUDE_SOURCE;
				MTL_FAST_MATH = YES;
				ONLY_ACTIVE_ARCH = YES;
				SDKROOT = iphoneos;
				SWIFT_ACTIVE_COMPILATION_CONDITIONS = "DEBUG $(inherited)";
				SWIFT_OPTIMIZATION_LEVEL = "-Onone";
			};
			name = Debug;
		};
		FDBB363D2EA9994400FF7AC6 /* Release */ = {
			isa = XCBuildConfiguration;
			buildSettings = {
				ALWAYS_SEARCH_USER_PATHS = NO;
				ASSETCATALOG_COMPILER_GENERATE_SWIFT_ASSET_SYMBOL_EXTENSIONS = YES;
				CLANG_ANALYZER_NONNULL = YES;
				CLANG_ANALYZER_NUMBER_OBJECT_CONVERSION = YES_AGGRESSIVE;
				CLANG_CXX_LANGUAGE_STANDARD = "gnu++20";
				CLANG_ENABLE_MODULES = YES;
				CLANG_ENABLE_OBJC_ARC = YES;
				CLANG_ENABLE_OBJC_WEAK = YES;
				CLANG_WARN_BLOCK_CAPTURE_AUTORELEASING = YES;
				CLANG_WARN_BOOL_CONVERSION = YES;
				CLANG_WARN_COMMA = YES;
				CLANG_WARN_CONSTANT_CONVERSION = YES;
				CLANG_WARN_DEPRECATED_OBJC_IMPLEMENTATIONS = YES;
				CLANG_WARN_DIRECT_OBJC_ISA_USAGE = YES_ERROR;
				CLANG_WARN_DOCUMENTATION_COMMENTS = YES;
				CLANG_WARN_EMPTY_BODY = YES;
				CLANG_WARN_ENUM_CONVERSION = YES;
				CLANG_WARN_INFINITE_RECURSION = YES;
				CLANG_WARN_INT_CONVERSION = YES;
				CLANG_WARN_NON_LITERAL_NULL_CONVERSION = YES;
				CLANG_WARN_OBJC_IMPLICIT_RETAIN_SELF = YES;
				CLANG_WARN_OBJC_LITERAL_CONVERSION = YES;
				CLANG_WARN_OBJC_ROOT_CLASS = YES_ERROR;
				CLANG_WARN_QUOTED_INCLUDE_IN_FRAMEWORK_HEADER = YES;
				CLANG_WARN_RANGE_LOOP_ANALYSIS = YES;
				CLANG_WARN_STRICT_PROTOTYPES = YES;
				CLANG_WARN_SUSPICIOUS_MOVE = YES;
				CLANG_WARN_UNGUARDED_AVAILABILITY = YES_AGGRESSIVE;
				CLANG_WARN_UNREACHABLE_CODE = YES;
				CLANG_WARN__DUPLICATE_METHOD_MATCH = YES;
				COPY_PHASE_STRIP = NO;
				DEBUG_INFORMATION_FORMAT = "dwarf-with-dsym";
				DEVELOPMENT_TEAM = 3C2M6478T3;
				ENABLE_NS_ASSERTIONS = NO;
				ENABLE_STRICT_OBJC_MSGSEND = YES;
				ENABLE_USER_SCRIPT_SANDBOXING = YES;
				GCC_C_LANGUAGE_STANDARD = gnu17;
				GCC_NO_COMMON_BLOCKS = YES;
				GCC_WARN_64_TO_32_BIT_CONVERSION = YES;
				GCC_WARN_ABOUT_RETURN_TYPE = YES_ERROR;
				GCC_WARN_UNDECLARED_SELECTOR = YES;
				GCC_WARN_UNINITIALIZED_AUTOS = YES_AGGRESSIVE;
				GCC_WARN_UNUSED_FUNCTION = YES;
				GCC_WARN_UNUSED_VARIABLE = YES;
				IPHONEOS_DEPLOYMENT_TARGET = 18.5;
				LOCALIZATION_PREFERS_STRING_CATALOGS = YES;
				MTL_ENABLE_DEBUG_INFO = NO;
				MTL_FAST_MATH = YES;
				SDKROOT = iphoneos;
				SWIFT_COMPILATION_MODE = wholemodule;
				VALIDATE_PRODUCT = YES;
			};
			name = Release;
		};
		FDBB363F2EA9994400FF7AC6 /* Debug */ = {
			isa = XCBuildConfiguration;
			buildSettings = {
				BUNDLE_LOADER = "$(TEST_HOST)";
				CODE_SIGN_STYLE = Automatic;
				CURRENT_PROJECT_VERSION = 1;
				DEVELOPMENT_TEAM = 3C2M6478T3;
				GENERATE_INFOPLIST_FILE = YES;
				IPHONEOS_DEPLOYMENT_TARGET = 18.5;
				MARKETING_VERSION = 1.0;
				PRODUCT_BUNDLE_IDENTIFIER = ex.TravelRandomizerAppTests;
				PRODUCT_NAME = "$(TARGET_NAME)";
				SWIFT_EMIT_LOC_STRINGS = NO;
				SWIFT_VERSION = 5.0;
				TARGETED_DEVICE_FAMILY = "1,2";
				TEST_HOST = "$(BUILT_PRODUCTS_DIR)/TravelRandomizerApp.app/$(BUNDLE_EXECUTABLE_FOLDER_PATH)/TravelRandomizerApp";
			};
			name = Debug;
		};
		FDBB36402EA9994400FF7AC6 /* Release */ = {
			isa = XCBuildConfiguration;
			buildSettings = {
				BUNDLE_LOADER = "$(TEST_HOST)";
				CODE_SIGN_STYLE = Automatic;
				CURRENT_PROJECT_VERSION = 1;
				DEVELOPMENT_TEAM = 3C2M6478T3;
				GENERATE_INFOPLIST_FILE = YES;
				IPHONEOS_DEPLOYMENT_TARGET = 18.5;
				MARKETING_VERSION = 1.0;
				PRODUCT_BUNDLE_IDENTIFIER = ex.TravelRandomizerAppTests;
				PRODUCT_NAME = "$(TARGET_NAME)";
				SWIFT_EMIT_LOC_STRINGS = NO;
				SWIFT_VERSION = 5.0;
				TARGETED_DEVICE_FAMILY = "1,2";
				TEST_HOST = "$(BUILT_PRODUCTS_DIR)/TravelRandomizerApp.app/$(BUNDLE_EXECUTABLE_FOLDER_PATH)/TravelRandomizerApp";
			};
			name = Release;
		};
		FDBB36422EA9994400FF7AC6 /* Debug */ = {
			isa = XCBuildConfiguration;
			buildSettings = {
				CODE_SIGN_STYLE = Automatic;
				CURRENT_PROJECT_VERSION = 1;
				DEVELOPMENT_TEAM = 3C2M6478T3;
				GENERATE_INFOPLIST_FILE = YES;
				MARKETING_VERSION = 1.0;
				PRODUCT_BUNDLE_IDENTIFIER = ex.TravelRandomizerAppUITests;
				PRODUCT_NAME = "$(TARGET_NAME)";
				SWIFT_EMIT_LOC_STRINGS = NO;
				SWIFT_VERSION = 5.0;
				TARGETED_DEVICE_FAMILY = "1,2";
				TEST_TARGET_NAME = TravelRandomizerApp;
			};
			name = Debug;
		};
		FDBB36432EA9994400FF7AC6 /* Release */ = {
			isa = XCBuildConfiguration;
			buildSettings = {
				CODE_SIGN_STYLE = Automatic;
				CURRENT_PROJECT_VERSION = 1;
				DEVELOPMENT_TEAM = 3C2M6478T3;
				GENERATE_INFOPLIST_FILE = YES;
				MARKETING_VERSION = 1.0;
				PRODUCT_BUNDLE_IDENTIFIER = ex.TravelRandomizerAppUITests;
				PRODUCT_NAME = "$(TARGET_NAME)";
				SWIFT_EMIT_LOC_STRINGS = NO;
				SWIFT_VERSION = 5.0;
				TARGETED_DEVICE_FAMILY = "1,2";
				TEST_TARGET_NAME = TravelRandomizerApp;
			};
			name = Release;
		};
/* End XCBuildConfiguration section */

/* Begin XCConfigurationList section */
		FDBB360B2EA9994100FF7AC6 /* Build configuration list for PBXProject "TravelRandomizerApp" */ = {
			isa = XCConfigurationList;
			buildConfigurations = (
				FDBB363C2EA9994400FF7AC6 /* Debug */,
				FDBB363D2EA9994400FF7AC6 /* Release */,
			);
			defaultConfigurationIsVisible = 0;
			defaultConfigurationName = Release;
		};
		FDBB36392EA9994400FF7AC6 /* Build configuration list for PBXNativeTarget "TravelRandomizerApp" */ = {
			isa = XCConfigurationList;
			buildConfigurations = (
				FDBB363A2EA9994400FF7AC6 /* Debug */,
				FDBB363B2EA9994400FF7AC6 /* Release */,
			);
			defaultConfigurationIsVisible = 0;
			defaultConfigurationName = Release;
		};
		FDBB363E2EA9994400FF7AC6 /* Build configuration list for PBXNativeTarget "TravelRandomizerAppTests" */ = {
			isa = XCConfigurationList;
			buildConfigurations = (
				FDBB363F2EA9994400FF7AC6 /* Debug */,
				FDBB36402EA9994400FF7AC6 /* Release */,
			);
			defaultConfigurationIsVisible = 0;
			defaultConfigurationName = Release;
		};
		FDBB36412EA9994400FF7AC6 /* Build configuration list for PBXNativeTarget "TravelRandomizerAppUITests" */ = {
			isa = XCConfigurationList;
			buildConfigurations = (
				FDBB36422EA9994400FF7AC6 /* Debug */,
				FDBB36432EA9994400FF7AC6 /* Release */,
			);
			defaultConfigurationIsVisible = 0;
			defaultConfigurationName = Release;
		};
/* End XCConfigurationList section */
	};
	rootObject = FDBB36082EA9994100FF7AC6 /* Project object */;
}
