// !$*UTF8*$!
{
	archiveVersion = 1;
	classes = {
	};
	objectVersion = 77;
	objects = {

/* Begin PBXContainerItemProxy section */
		FD72D02D2EC20C7F00E4B647 /* PBXContainerItemProxy */ = {
			isa = PBXContainerItemProxy;
			containerPortal = FD72D00E2EC20C7D00E4B647 /* Project object */;
			proxyType = 1;
			remoteGlobalIDString = FD72D0152EC20C7D00E4B647;
			remoteInfo = Ios_lab_6;
		};
		FD72D0372EC20C7F00E4B647 /* PBXContainerItemProxy */ = {
			isa = PBXContainerItemProxy;
			containerPortal = FD72D00E2EC20C7D00E4B647 /* Project object */;
			proxyType = 1;
			remoteGlobalIDString = FD72D0152EC20C7D00E4B647;
			remoteInfo = Ios_lab_6;
		};
/* End PBXContainerItemProxy section */

/* Begin PBXFileReference section */
		FD72D0162EC20C7D00E4B647 /* Ios_lab_6.app */ = {isa = PBXFileReference; explicitFileType = wrapper.application; includeInIndex = 0; path = Ios_lab_6.app; sourceTree = BUILT_PRODUCTS_DIR; };
		FD72D02C2EC20C7F00E4B647 /* Ios_lab_6Tests.xctest */ = {isa = PBXFileReference; explicitFileType = wrapper.cfbundle; includeInIndex = 0; path = Ios_lab_6Tests.xctest; sourceTree = BUILT_PRODUCTS_DIR; };
		FD72D0362EC20C7F00E4B647 /* Ios_lab_6UITests.xctest */ = {isa = PBXFileReference; explicitFileType = wrapper.cfbundle; includeInIndex = 0; path = Ios_lab_6UITests.xctest; sourceTree = BUILT_PRODUCTS_DIR; };
/* End PBXFileReference section */

/* Begin PBXFileSystemSynchronizedBuildFileExceptionSet section */
		FD72D03E2EC20C7F00E4B647 /* Exceptions for "Ios_lab_6" folder in "Ios_lab_6" target */ = {
			isa = PBXFileSystemSynchronizedBuildFileExceptionSet;
			membershipExceptions = (
				Info.plist,
			);
			target = FD72D0152EC20C7D00E4B647 /* Ios_lab_6 */;
		};
/* End PBXFileSystemSynchronizedBuildFileExceptionSet section */

/* Begin PBXFileSystemSynchronizedRootGroup section */
		FD72D0182EC20C7D00E4B647 /* Ios_lab_6 */ = {
			isa = PBXFileSystemSynchronizedRootGroup;
			exceptions = (
				FD72D03E2EC20C7F00E4B647 /* Exceptions for "Ios_lab_6" folder in "Ios_lab_6" target */,
			);
			path = Ios_lab_6;
			sourceTree = "<group>";
		};
		FD72D02F2EC20C7F00E4B647 /* Ios_lab_6Tests */ = {
			isa = PBXFileSystemSynchronizedRootGroup;
			path = Ios_lab_6Tests;
			sourceTree = "<group>";
		};
		FD72D0392EC20C7F00E4B647 /* Ios_lab_6UITests */ = {
			isa = PBXFileSystemSynchronizedRootGroup;
			path = Ios_lab_6UITests;
			sourceTree = "<group>";
		};
/* End PBXFileSystemSynchronizedRootGroup section */

/* Begin PBXFrameworksBuildPhase section */
		FD72D0132EC20C7D00E4B647 /* Frameworks */ = {
			isa = PBXFrameworksBuildPhase;
			buildActionMask = 2147483647;
			files = (
			);
			runOnlyForDeploymentPostprocessing = 0;
		};
		FD72D0292EC20C7F00E4B647 /* Frameworks */ = {
			isa = PBXFrameworksBuildPhase;
			buildActionMask = 2147483647;
			files = (
			);
			runOnlyForDeploymentPostprocessing = 0;
		};
		FD72D0332EC20C7F00E4B647 /* Frameworks */ = {
			isa = PBXFrameworksBuildPhase;
			buildActionMask = 2147483647;
			files = (
			);
			runOnlyForDeploymentPostprocessing = 0;
		};
/* End PBXFrameworksBuildPhase section */

/* Begin PBXGroup section */
		FD72D00D2EC20C7D00E4B647 = {
			isa = PBXGroup;
			children = (
				FD72D0182EC20C7D00E4B647 /* Ios_lab_6 */,
				FD72D02F2EC20C7F00E4B647 /* Ios_lab_6Tests */,
				FD72D0392EC20C7F00E4B647 /* Ios_lab_6UITests */,
				FD72D0172EC20C7D00E4B647 /* Products */,
			);
			sourceTree = "<group>";
		};
		FD72D0172EC20C7D00E4B647 /* Products */ = {
			isa = PBXGroup;
			children = (
				FD72D0162EC20C7D00E4B647 /* Ios_lab_6.app */,
				FD72D02C2EC20C7F00E4B647 /* Ios_lab_6Tests.xctest */,
				FD72D0362EC20C7F00E4B647 /* Ios_lab_6UITests.xctest */,
			);
			name = Products;
			sourceTree = "<group>";
		};
/* End PBXGroup section */

/* Begin PBXNativeTarget section */
		FD72D0152EC20C7D00E4B647 /* Ios_lab_6 */ = {
			isa = PBXNativeTarget;
			buildConfigurationList = FD72D03F2EC20C7F00E4B647 /* Build configuration list for PBXNativeTarget "Ios_lab_6" */;
			buildPhases = (
				FD72D0122EC20C7D00E4B647 /* Sources */,
				FD72D0132EC20C7D00E4B647 /* Frameworks */,
				FD72D0142EC20C7D00E4B647 /* Resources */,
			);
			buildRules = (
			);
			dependencies = (
			);
			fileSystemSynchronizedGroups = (
				FD72D0182EC20C7D00E4B647 /* Ios_lab_6 */,
			);
			name = Ios_lab_6;
			packageProductDependencies = (
			);
			productName = Ios_lab_6;
			productReference = FD72D0162EC20C7D00E4B647 /* Ios_lab_6.app */;
			productType = "com.apple.product-type.application";
		};
		FD72D02B2EC20C7F00E4B647 /* Ios_lab_6Tests */ = {
			isa = PBXNativeTarget;
			buildConfigurationList = FD72D0442EC20C7F00E4B647 /* Build configuration list for PBXNativeTarget "Ios_lab_6Tests" */;
			buildPhases = (
				FD72D0282EC20C7F00E4B647 /* Sources */,
				FD72D0292EC20C7F00E4B647 /* Frameworks */,
				FD72D02A2EC20C7F00E4B647 /* Resources */,
			);
			buildRules = (
			);
			dependencies = (
				FD72D02E2EC20C7F00E4B647 /* PBXTargetDependency */,
			);
			fileSystemSynchronizedGroups = (
				FD72D02F2EC20C7F00E4B647 /* Ios_lab_6Tests */,
			);
			name = Ios_lab_6Tests;
			packageProductDependencies = (
			);
			productName = Ios_lab_6Tests;
			productReference = FD72D02C2EC20C7F00E4B647 /* Ios_lab_6Tests.xctest */;
			productType = "com.apple.product-type.bundle.unit-test";
		};
		FD72D0352EC20C7F00E4B647 /* Ios_lab_6UITests */ = {
			isa = PBXNativeTarget;
			buildConfigurationList = FD72D0472EC20C7F00E4B647 /* Build configuration list for PBXNativeTarget "Ios_lab_6UITests" */;
			buildPhases = (
				FD72D0322EC20C7F00E4B647 /* Sources */,
				FD72D0332EC20C7F00E4B647 /* Frameworks */,
				FD72D0342EC20C7F00E4B647 /* Resources */,
			);
			buildRules = (
			);
			dependencies = (
				FD72D0382EC20C7F00E4B647 /* PBXTargetDependency */,
			);
			fileSystemSynchronizedGroups = (
				FD72D0392EC20C7F00E4B647 /* Ios_lab_6UITests */,
			);
			name = Ios_lab_6UITests;
			packageProductDependencies = (
			);
			productName = Ios_lab_6UITests;
			productReference = FD72D0362EC20C7F00E4B647 /* Ios_lab_6UITests.xctest */;
			productType = "com.apple.product-type.bundle.ui-testing";
		};
/* End PBXNativeTarget section */

/* Begin PBXProject section */
		FD72D00E2EC20C7D00E4B647 /* Project object */ = {
			isa = PBXProject;
			attributes = {
				BuildIndependentTargetsInParallel = 1;
				LastSwiftUpdateCheck = 1640;
				LastUpgradeCheck = 1640;
				TargetAttributes = {
					FD72D0152EC20C7D00E4B647 = {
						CreatedOnToolsVersion = 16.4;
					};
					FD72D02B2EC20C7F00E4B647 = {
						CreatedOnToolsVersion = 16.4;
						TestTargetID = FD72D0152EC20C7D00E4B647;
					};
					FD72D0352EC20C7F00E4B647 = {
						CreatedOnToolsVersion = 16.4;
						TestTargetID = FD72D0152EC20C7D00E4B647;
					};
				};
			};
			buildConfigurationList = FD72D0112EC20C7D00E4B647 /* Build configuration list for PBXProject "Ios_lab_6" */;
			developmentRegion = en;
			hasScannedForEncodings = 0;
			knownRegions = (
				en,
				Base,
			);
			mainGroup = FD72D00D2EC20C7D00E4B647;
			minimizedProjectReferenceProxies = 1;
			preferredProjectObjectVersion = 77;
			productRefGroup = FD72D0172EC20C7D00E4B647 /* Products */;
			projectDirPath = "";
			projectRoot = "";
			targets = (
				FD72D0152EC20C7D00E4B647 /* Ios_lab_6 */,
				FD72D02B2EC20C7F00E4B647 /* Ios_lab_6Tests */,
				FD72D0352EC20C7F00E4B647 /* Ios_lab_6UITests */,
			);
		};
/* End PBXProject section */

/* Begin PBXResourcesBuildPhase section */
		FD72D0142EC20C7D00E4B647 /* Resources */ = {
			isa = PBXResourcesBuildPhase;
			buildActionMask = 2147483647;
			files = (
			);
			runOnlyForDeploymentPostprocessing = 0;
		};
		FD72D02A2EC20C7F00E4B647 /* Resources */ = {
			isa = PBXResourcesBuildPhase;
			buildActionMask = 2147483647;
			files = (
			);
			runOnlyForDeploymentPostprocessing = 0;
		};
		FD72D0342EC20C7F00E4B647 /* Resources */ = {
			isa = PBXResourcesBuildPhase;
			buildActionMask = 2147483647;
			files = (
			);
			runOnlyForDeploymentPostprocessing = 0;
		};
/* End PBXResourcesBuildPhase section */

/* Begin PBXSourcesBuildPhase section */
		FD72D0122EC20C7D00E4B647 /* Sources */ = {
			isa = PBXSourcesBuildPhase;
			buildActionMask = 2147483647;
			files = (
			);
			runOnlyForDeploymentPostprocessing = 0;
		};
		FD72D0282EC20C7F00E4B647 /* Sources */ = {
			isa = PBXSourcesBuildPhase;
			buildActionMask = 2147483647;
			files = (
			);
			runOnlyForDeploymentPostprocessing = 0;
		};
		FD72D0322EC20C7F00E4B647 /* Sources */ = {
			isa = PBXSourcesBuildPhase;
			buildActionMask = 2147483647;
			files = (
			);
			runOnlyForDeploymentPostprocessing = 0;
		};
/* End PBXSourcesBuildPhase section */

/* Begin PBXTargetDependency section */
		FD72D02E2EC20C7F00E4B647 /* PBXTargetDependency */ = {
			isa = PBXTargetDependency;
			target = FD72D0152EC20C7D00E4B647 /* Ios_lab_6 */;
			targetProxy = FD72D02D2EC20C7F00E4B647 /* PBXContainerItemProxy */;
		};
		FD72D0382EC20C7F00E4B647 /* PBXTargetDependency */ = {
			isa = PBXTargetDependency;
			target = FD72D0152EC20C7D00E4B647 /* Ios_lab_6 */;
			targetProxy = FD72D0372EC20C7F00E4B647 /* PBXContainerItemProxy */;
		};
/* End PBXTargetDependency section */

/* Begin XCBuildConfiguration section */
		FD72D0402EC20C7F00E4B647 /* Debug */ = {
			isa = XCBuildConfiguration;
			buildSettings = {
				ASSETCATALOG_COMPILER_APPICON_NAME = AppIcon;
				ASSETCATALOG_COMPILER_GLOBAL_ACCENT_COLOR_NAME = AccentColor;
				CODE_SIGN_STYLE = Automatic;
				CURRENT_PROJECT_VERSION = 1;
				DEVELOPMENT_TEAM = 3C2M6478T3;
				GENERATE_INFOPLIST_FILE = YES;
				INFOPLIST_FILE = Ios_lab_6/Info.plist;
				INFOPLIST_KEY_UIApplicationSupportsIndirectInputEvents = YES;
				INFOPLIST_KEY_UILaunchStoryboardName = LaunchScreen;
				INFOPLIST_KEY_UIMainStoryboardFile = Main;
				INFOPLIST_KEY_UISupportedInterfaceOrientations_iPad = "UIInterfaceOrientationPortrait UIInterfaceOrientationPortraitUpsideDown UIInterfaceOrientationLandscapeLeft UIInterfaceOrientationLandscapeRight";
				INFOPLIST_KEY_UISupportedInterfaceOrientations_iPhone = "UIInterfaceOrientationPortrait UIInterfaceOrientationLandscapeLeft UIInterfaceOrientationLandscapeRight";
				LD_RUNPATH_SEARCH_PATHS = (
					"$(inherited)",
					"@executable_path/Frameworks",
				);
				MARKETING_VERSION = 1.0;
				PRODUCT_BUNDLE_IDENTIFIER = "ex.Ios-lab-6";
				PRODUCT_NAME = "$(TARGET_NAME)";
				SWIFT_EMIT_LOC_STRINGS = YES;
				SWIFT_VERSION = 5.0;
				TARGETED_DEVICE_FAMILY = "1,2";
			};
			name = Debug;
		};
		FD72D0412EC20C7F00E4B647 /* Release */ = {
			isa = XCBuildConfiguration;
			buildSettings = {
				ASSETCATALOG_COMPILER_APPICON_NAME = AppIcon;
				ASSETCATALOG_COMPILER_GLOBAL_ACCENT_COLOR_NAME = AccentColor;
				CODE_SIGN_STYLE = Automatic;
				CURRENT_PROJECT_VERSION = 1;
				DEVELOPMENT_TEAM = 3C2M6478T3;
				GENERATE_INFOPLIST_FILE = YES;
				INFOPLIST_FILE = Ios_lab_6/Info.plist;
				INFOPLIST_KEY_UIApplicationSupportsIndirectInputEvents = YES;
				INFOPLIST_KEY_UILaunchStoryboardName = LaunchScreen;
				INFOPLIST_KEY_UIMainStoryboardFile = Main;
				INFOPLIST_KEY_UISupportedInterfaceOrientations_iPad = "UIInterfaceOrientationPortrait UIInterfaceOrientationPortraitUpsideDown UIInterfaceOrientationLandscapeLeft UIInterfaceOrientationLandscapeRight";
				INFOPLIST_KEY_UISupportedInterfaceOrientations_iPhone = "UIInterfaceOrientationPortrait UIInterfaceOrientationLandscapeLeft UIInterfaceOrientationLandscapeRight";
				LD_RUNPATH_SEARCH_PATHS = (
					"$(inherited)",
					"@executable_path/Frameworks",
				);
				MARKETING_VERSION = 1.0;
				PRODUCT_BUNDLE_IDENTIFIER = "ex.Ios-lab-6";
				PRODUCT_NAME = "$(TARGET_NAME)";
				SWIFT_EMIT_LOC_STRINGS = YES;
				SWIFT_VERSION = 5.0;
				TARGETED_DEVICE_FAMILY = "1,2";
			};
			name = Release;
		};
		FD72D0422EC20C7F00E4B647 /* Debug */ = {
			isa = XCBuildConfiguration;
			buildSettings = {
				ALWAYS_SEARCH_USER_PATHS = NO;
				ASSETCATALOG_COMPILER_GENERATE_SWIFT_ASSET_SYMBOL_EXTENSIONS = YES;
				CLANG_ANALYZER_NONNULL = YES;
				CLANG_ANALYZER_NUMBER_OBJECT_CONVERSION = YES_AGGRESSIVE;
				CLANG_CXX_LANGUAGE_STANDARD = "gnu++20";
				CLANG_ENABLE_MODULES = YES;
				CLANG_ENABLE_OBJC_ARC = YES;
				CLANG_ENABLE_OBJC_WEAK = YES;
				CLANG_WARN_BLOCK_CAPTURE_AUTORELEASING = YES;
				CLANG_WARN_BOOL_CONVERSION = YES;
				CLANG_WARN_COMMA = YES;
				CLANG_WARN_CONSTANT_CONVERSION = YES;
				CLANG_WARN_DEPRECATED_OBJC_IMPLEMENTATIONS = YES;
				CLANG_WARN_DIRECT_OBJC_ISA_USAGE = YES_ERROR;
				CLANG_WARN_DOCUMENTATION_COMMENTS = YES;
				CLANG_WARN_EMPTY_BODY = YES;
				CLANG_WARN_ENUM_CONVERSION = YES;
				CLANG_WARN_INFINITE_RECURSION = YES;
				CLANG_WARN_INT_CONVERSION = YES;
				CLANG_WARN_NON_LITERAL_NULL_CONVERSION = YES;
				CLANG_WARN_OBJC_IMPLICIT_RETAIN_SELF = YES;
				CLANG_WARN_OBJC_LITERAL_CONVERSION = YES;
				CLANG_WARN_OBJC_ROOT_CLASS = YES_ERROR;
				CLANG_WARN_QUOTED_INCLUDE_IN_FRAMEWORK_HEADER = YES;
				CLANG_WARN_RANGE_LOOP_ANALYSIS = YES;
				CLANG_WARN_STRICT_PROTOTYPES = YES;
				CLANG_WARN_SUSPICIOUS_MOVE = YES;
				CLANG_WARN_UNGUARDED_AVAILABILITY = YES_AGGRESSIVE;
				CLANG_WARN_UNREACHABLE_CODE = YES;
				CLANG_WARN__DUPLICATE_METHOD_MATCH = YES;
				COPY_PHASE_STRIP = NO;
				DEBUG_INFORMATION_FORMAT = dwarf;
				DEVELOPMENT_TEAM = 3C2M6478T3;
				ENABLE_STRICT_OBJC_MSGSEND = YES;
				ENABLE_TESTABILITY = YES;
				ENABLE_USER_SCRIPT_SANDBOXING = YES;
				GCC_C_LANGUAGE_STANDARD = gnu17;
				GCC_DYNAMIC_NO_PIC = NO;
				GCC_NO_COMMON_BLOCKS = YES;
				GCC_OPTIMIZATION_LEVEL = 0;
				GCC_PREPROCESSOR_DEFINITIONS = (
					"DEBUG=1",
					"$(inherited)",
				);
				GCC_WARN_64_TO_32_BIT_CONVERSION = YES;
				GCC_WARN_ABOUT_RETURN_TYPE = YES_ERROR;
				GCC_WARN_UNDECLARED_SELECTOR = YES;
				GCC_WARN_UNINITIALIZED_AUTOS = YES_AGGRESSIVE;
				GCC_WARN_UNUSED_FUNCTION = YES;
				GCC_WARN_UNUSED_VARIABLE = YES;
				IPHONEOS_DEPLOYMENT_TARGET = 18.5;
				LOCALIZATION_PREFERS_STRING_CATALOGS = YES;
				MTL_ENABLE_DEBUG_INFO = INCLUDE_SOURCE;
				MTL_FAST_MATH = YES;
				ONLY_ACTIVE_ARCH = YES;
				SDKROOT = iphoneos;
				SWIFT_ACTIVE_COMPILATION_CONDITIONS = "DEBUG $(inherited)";
				SWIFT_OPTIMIZATION_LEVEL = "-Onone";
			};
			name = Debug;
		};
		FD72D0432EC20C7F00E4B647 /* Release */ = {
			isa = XCBuildConfiguration;
			buildSettings = {
				ALWAYS_SEARCH_USER_PATHS = NO;
				ASSETCATALOG_COMPILER_GENERATE_SWIFT_ASSET_SYMBOL_EXTENSIONS = YES;
				CLANG_ANALYZER_NONNULL = YES;
				CLANG_ANALYZER_NUMBER_OBJECT_CONVERSION = YES_AGGRESSIVE;
				CLANG_CXX_LANGUAGE_STANDARD = "gnu++20";
				CLANG_ENABLE_MODULES = YES;
				CLANG_ENABLE_OBJC_ARC = YES;
				CLANG_ENABLE_OBJC_WEAK = YES;
				CLANG_WARN_BLOCK_CAPTURE_AUTORELEASING = YES;
				CLANG_WARN_BOOL_CONVERSION = YES;
				CLANG_WARN_COMMA = YES;
				CLANG_WARN_CONSTANT_CONVERSION = YES;
				CLANG_WARN_DEPRECATED_OBJC_IMPLEMENTATIONS = YES;
				CLANG_WARN_DIRECT_OBJC_ISA_USAGE = YES_ERROR;
				CLANG_WARN_DOCUMENTATION_COMMENTS = YES;
				CLANG_WARN_EMPTY_BODY = YES;
				CLANG_WARN_ENUM_CONVERSION = YES;
				CLANG_WARN_INFINITE_RECURSION = YES;
				CLANG_WARN_INT_CONVERSION = YES;
				CLANG_WARN_NON_LITERAL_NULL_CONVERSION = YES;
				CLANG_WARN_OBJC_IMPLICIT_RETAIN_SELF = YES;
				CLANG_WARN_OBJC_LITERAL_CONVERSION = YES;
				CLANG_WARN_OBJC_ROOT_CLASS = YES_ERROR;
				CLANG_WARN_QUOTED_INCLUDE_IN_FRAMEWORK_HEADER = YES;
				CLANG_WARN_RANGE_LOOP_ANALYSIS = YES;
				CLANG_WARN_STRICT_PROTOTYPES = YES;
				CLANG_WARN_SUSPICIOUS_MOVE = YES;
				CLANG_WARN_UNGUARDED_AVAILABILITY = YES_AGGRESSIVE;
				CLANG_WARN_UNREACHABLE_CODE = YES;
				CLANG_WARN__DUPLICATE_METHOD_MATCH = YES;
				COPY_PHASE_STRIP = NO;
				DEBUG_INFORMATION_FORMAT = "dwarf-with-dsym";
				DEVELOPMENT_TEAM = 3C2M6478T3;
				ENABLE_NS_ASSERTIONS = NO;
				ENABLE_STRICT_OBJC_MSGSEND = YES;
				ENABLE_USER_SCRIPT_SANDBOXING = YES;
				GCC_C_LANGUAGE_STANDARD = gnu17;
				GCC_NO_COMMON_BLOCKS = YES;
				GCC_WARN_64_TO_32_BIT_CONVERSION = YES;
				GCC_WARN_ABOUT_RETURN_TYPE = YES_ERROR;
				GCC_WARN_UNDECLARED_SELECTOR = YES;
				GCC_WARN_UNINITIALIZED_AUTOS = YES_AGGRESSIVE;
				GCC_WARN_UNUSED_FUNCTION = YES;
				GCC_WARN_UNUSED_VARIABLE = YES;
				IPHONEOS_DEPLOYMENT_TARGET = 18.5;
				LOCALIZATION_PREFERS_STRING_CATALOGS = YES;
				MTL_ENABLE_DEBUG_INFO = NO;
				MTL_FAST_MATH = YES;
				SDKROOT = iphoneos;
				SWIFT_COMPILATION_MODE = wholemodule;
				VALIDATE_PRODUCT = YES;
			};
			name = Release;
		};
		FD72D0452EC20C7F00E4B647 /* Debug */ = {
			isa = XCBuildConfiguration;
			buildSettings = {
				BUNDLE_LOADER = "$(TEST_HOST)";
				CODE_SIGN_STYLE = Automatic;
				CURRENT_PROJECT_VERSION = 1;
				DEVELOPMENT_TEAM = 3C2M6478T3;
				GENERATE_INFOPLIST_FILE = YES;
				IPHONEOS_DEPLOYMENT_TARGET = 18.5;
				MARKETING_VERSION = 1.0;
				PRODUCT_BUNDLE_IDENTIFIER = "ex.Ios-lab-6Tests";
				PRODUCT_NAME = "$(TARGET_NAME)";
				SWIFT_EMIT_LOC_STRINGS = NO;
				SWIFT_VERSION = 5.0;
				TARGETED_DEVICE_FAMILY = "1,2";
				TEST_HOST = "$(BUILT_PRODUCTS_DIR)/Ios_lab_6.app/$(BUNDLE_EXECUTABLE_FOLDER_PATH)/Ios_lab_6";
			};
			name = Debug;
		};
		FD72D0462EC20C7F00E4B647 /* Release */ = {
			isa = XCBuildConfiguration;
			buildSettings = {
				BUNDLE_LOADER = "$(TEST_HOST)";
				CODE_SIGN_STYLE = Automatic;
				CURRENT_PROJECT_VERSION = 1;
				DEVELOPMENT_TEAM = 3C2M6478T3;
				GENERATE_INFOPLIST_FILE = YES;
				IPHONEOS_DEPLOYMENT_TARGET = 18.5;
				MARKETING_VERSION = 1.0;
				PRODUCT_BUNDLE_IDENTIFIER = "ex.Ios-lab-6Tests";
				PRODUCT_NAME = "$(TARGET_NAME)";
				SWIFT_EMIT_LOC_STRINGS = NO;
				SWIFT_VERSION = 5.0;
				TARGETED_DEVICE_FAMILY = "1,2";
				TEST_HOST = "$(BUILT_PRODUCTS_DIR)/Ios_lab_6.app/$(BUNDLE_EXECUTABLE_FOLDER_PATH)/Ios_lab_6";
			};
			name = Release;
		};
		FD72D0482EC20C7F00E4B647 /* Debug */ = {
			isa = XCBuildConfiguration;
			buildSettings = {
				CODE_SIGN_STYLE = Automatic;
				CURRENT_PROJECT_VERSION = 1;
				DEVELOPMENT_TEAM = 3C2M6478T3;
				GENERATE_INFOPLIST_FILE = YES;
				MARKETING_VERSION = 1.0;
				PRODUCT_BUNDLE_IDENTIFIER = "ex.Ios-lab-6UITests";
				PRODUCT_NAME = "$(TARGET_NAME)";
				SWIFT_EMIT_LOC_STRINGS = NO;
				SWIFT_VERSION = 5.0;
				TARGETED_DEVICE_FAMILY = "1,2";
				TEST_TARGET_NAME = Ios_lab_6;
			};
			name = Debug;
		};
		FD72D0492EC20C7F00E4B647 /* Release */ = {
			isa = XCBuildConfiguration;
			buildSettings = {
				CODE_SIGN_STYLE = Automatic;
				CURRENT_PROJECT_VERSION = 1;
				DEVELOPMENT_TEAM = 3C2M6478T3;
				GENERATE_INFOPLIST_FILE = YES;
				MARKETING_VERSION = 1.0;
				PRODUCT_BUNDLE_IDENTIFIER = "ex.Ios-lab-6UITests";
				PRODUCT_NAME = "$(TARGET_NAME)";
				SWIFT_EMIT_LOC_STRINGS = NO;
				SWIFT_VERSION = 5.0;
				TARGETED_DEVICE_FAMILY = "1,2";
				TEST_TARGET_NAME = Ios_lab_6;
			};
			name = Release;
		};
/* End XCBuildConfiguration section */

/* Begin XCConfigurationList section */
		FD72D0112EC20C7D00E4B647 /* Build configuration list for PBXProject "Ios_lab_6" */ = {
			isa = XCConfigurationList;
			buildConfigurations = (
				FD72D0422EC20C7F00E4B647 /* Debug */,
				FD72D0432EC20C7F00E4B647 /* Release */,
			);
			defaultConfigurationIsVisible = 0;
			defaultConfigurationName = Release;
		};
		FD72D03F2EC20C7F00E4B647 /* Build configuration list for PBXNativeTarget "Ios_lab_6" */ = {
			isa = XCConfigurationList;
			buildConfigurations = (
				FD72D0402EC20C7F00E4B647 /* Debug */,
				FD72D0412EC20C7F00E4B647 /* Release */,
			);
			defaultConfigurationIsVisible = 0;
			defaultConfigurationName = Release;
		};
		FD72D0442EC20C7F00E4B647 /* Build configuration list for PBXNativeTarget "Ios_lab_6Tests" */ = {
			isa = XCConfigurationList;
			buildConfigurations = (
				FD72D0452EC20C7F00E4B647 /* Debug */,
				FD72D0462EC20C7F00E4B647 /* Release */,
			);
			defaultConfigurationIsVisible = 0;
			defaultConfigurationName = Release;
		};
		FD72D0472EC20C7F00E4B647 /* Build configuration list for PBXNativeTarget "Ios_lab_6UITests" */ = {
			isa = XCConfigurationList;
			buildConfigurations = (
				FD72D0482EC20C7F00E4B647 /* Debug */,
				FD72D0492EC20C7F00E4B647 /* Release */,
			);
			defaultConfigurationIsVisible = 0;
			defaultConfigurationName = Release;
		};
/* End XCConfigurationList section */
	};
	rootObject = FD72D00E2EC20C7D00E4B647 /* Project object */;
}
